
Microsoft Visual Studio Solution File, Format Version 12.00
# Visual Studio Version 16
VisualStudioVersion = 16.0.30717.126
MinimumVisualStudioVersion = 10.0.40219.1
Project("{FAE04EC0-301F-11D3-BF4B-00C04F79EFBC}") = "LA RAD Registration Form JodyB 420974", "LA RAD Registration Form JodyB 420974.csproj", "{6781B78F-EAF0-4DAB-BDA4-D28B67A25899}"
EndProject
Global
	GlobalSection(SolutionConfigurationPlatforms) = preSolution
		Debug|Any CPU = Debug|Any CPU
		Release|Any CPU = Release|Any CPU
	EndGlobalSection
	GlobalSection(ProjectConfigurationPlatforms) = postSolution
		{6781B78F-EAF0-4DAB-BDA4-D28B67A25899}.Debug|Any CPU.ActiveCfg = Debug|Any CPU
		{6781B78F-EAF0-4DAB-BDA4-D28B67A25899}.Debug|Any CPU.Build.0 = Debug|Any CPU
		{6781B78F-EAF0-4DAB-BDA4-D28B67A25899}.Release|Any CPU.ActiveCfg = Release|Any CPU
		{6781B78F-EAF0-4DAB-BDA4-D28B67A25899}.Release|Any CPU.Build.0 = Release|Any CPU
	EndGlobalSection
	GlobalSection(SolutionProperties) = preSolution
		HideSolutionNode = FALSE
	EndGlobalSection
	GlobalSection(ExtensibilityGlobals) = postSolution
		SolutionGuid = {B2663E19-3A61-4ABE-90D4-975D8AA20347}
	EndGlobalSection
EndGlobal
